
Microsoft Visual Studio Solution File, Format Version 12.00
# Visual Studio Version 16
VisualStudioVersion = 16.0.30621.155
MinimumVisualStudioVersion = 10.0.40219.1
Project("{FAE04EC0-301F-11D3-BF4B-00C04F79EFBC}") = "PrvaASPNETAplikacija", "PrvaASPNETAplikacija\PrvaASPNETAplikacija.csproj", "{01DE6F93-76AE-49F1-89F4-C40E97C2FFFF}"
EndProject
Global
	GlobalSection(SolutionConfigurationPlatforms) = preSolution
		Debug|Any CPU = Debug|Any CPU
		Release|Any CPU = Release|Any CPU
	EndGlobalSection
	GlobalSection(ProjectConfigurationPlatforms) = postSolution
		{01DE6F93-76AE-49F1-89F4-C40E97C2FFFF}.Debug|Any CPU.ActiveCfg = Debug|Any CPU
		{01DE6F93-76AE-49F1-89F4-C40E97C2FFFF}.Debug|Any CPU.Build.0 = Debug|Any CPU
		{01DE6F93-76AE-49F1-89F4-C40E97C2FFFF}.Release|Any CPU.ActiveCfg = Release|Any CPU
		{01DE6F93-76AE-49F1-89F4-C40E97C2FFFF}.Release|Any CPU.Build.0 = Release|Any CPU
	EndGlobalSection
	GlobalSection(SolutionProperties) = preSolution
		HideSolutionNode = FALSE
	EndGlobalSection
	GlobalSection(ExtensibilityGlobals) = postSolution
		SolutionGuid = {E433254C-C584-4390-B5B1-5E90D42A212B}
	EndGlobalSection
EndGlobal
