
Microsoft Visual Studio Solution File, Format Version 12.00
# Visual Studio Version 16
VisualStudioVersion = 16.0.30621.155
MinimumVisualStudioVersion = 10.0.40219.1
Project("{9A19103F-16F7-4668-BE54-9A1E7A4F7556}") = "Primjer 2 - List", "Primjer 2 - List\Primjer 2 - List.csproj", "{529151DF-F5D8-4DD2-9E3A-DE933F0A2F33}"
EndProject
Project("{9A19103F-16F7-4668-BE54-9A1E7A4F7556}") = "Primjer 3 - Lista sa Lambda Funkcijama", "Primjer 3 - Lista sa Lambda Funkcijama\Primjer 3 - Lista sa Lambda Funkcijama.csproj", "{387F16DD-F15F-40AB-A20B-FD7E941F10D5}"
EndProject
Project("{9A19103F-16F7-4668-BE54-9A1E7A4F7556}") = "Primjer 1 - Tuple", "Primjer 1 - Tuple\Primjer 1 - Tuple.csproj", "{28545AB6-7829-4FF1-8252-FEE5F71B7706}"
EndProject
Global
	GlobalSection(SolutionConfigurationPlatforms) = preSolution
		Debug|Any CPU = Debug|Any CPU
		Release|Any CPU = Release|Any CPU
	EndGlobalSection
	GlobalSection(ProjectConfigurationPlatforms) = postSolution
		{529151DF-F5D8-4DD2-9E3A-DE933F0A2F33}.Debug|Any CPU.ActiveCfg = Debug|Any CPU
		{529151DF-F5D8-4DD2-9E3A-DE933F0A2F33}.Debug|Any CPU.Build.0 = Debug|Any CPU
		{529151DF-F5D8-4DD2-9E3A-DE933F0A2F33}.Release|Any CPU.ActiveCfg = Release|Any CPU
		{529151DF-F5D8-4DD2-9E3A-DE933F0A2F33}.Release|Any CPU.Build.0 = Release|Any CPU
		{387F16DD-F15F-40AB-A20B-FD7E941F10D5}.Debug|Any CPU.ActiveCfg = Debug|Any CPU
		{387F16DD-F15F-40AB-A20B-FD7E941F10D5}.Debug|Any CPU.Build.0 = Debug|Any CPU
		{387F16DD-F15F-40AB-A20B-FD7E941F10D5}.Release|Any CPU.ActiveCfg = Release|Any CPU
		{387F16DD-F15F-40AB-A20B-FD7E941F10D5}.Release|Any CPU.Build.0 = Release|Any CPU
		{28545AB6-7829-4FF1-8252-FEE5F71B7706}.Debug|Any CPU.ActiveCfg = Debug|Any CPU
		{28545AB6-7829-4FF1-8252-FEE5F71B7706}.Debug|Any CPU.Build.0 = Debug|Any CPU
		{28545AB6-7829-4FF1-8252-FEE5F71B7706}.Release|Any CPU.ActiveCfg = Release|Any CPU
		{28545AB6-7829-4FF1-8252-FEE5F71B7706}.Release|Any CPU.Build.0 = Release|Any CPU
	EndGlobalSection
	GlobalSection(SolutionProperties) = preSolution
		HideSolutionNode = FALSE
	EndGlobalSection
	GlobalSection(ExtensibilityGlobals) = postSolution
		SolutionGuid = {3C765B2A-8549-4FD9-A019-605333A42A5F}
	EndGlobalSection
EndGlobal
