
Microsoft Visual Studio Solution File, Format Version 12.00
# Visual Studio Version 16
VisualStudioVersion = 16.0.30621.155
MinimumVisualStudioVersion = 10.0.40219.1
Project("{FAE04EC0-301F-11D3-BF4B-00C04F79EFBC}") = "WebAPI", "WebAPI\WebAPI.csproj", "{05A30B16-F427-4FC6-90D3-AB1B72699C1E}"
EndProject
Global
	GlobalSection(SolutionConfigurationPlatforms) = preSolution
		Debug|Any CPU = Debug|Any CPU
		Release|Any CPU = Release|Any CPU
	EndGlobalSection
	GlobalSection(ProjectConfigurationPlatforms) = postSolution
		{05A30B16-F427-4FC6-90D3-AB1B72699C1E}.Debug|Any CPU.ActiveCfg = Debug|Any CPU
		{05A30B16-F427-4FC6-90D3-AB1B72699C1E}.Debug|Any CPU.Build.0 = Debug|Any CPU
		{05A30B16-F427-4FC6-90D3-AB1B72699C1E}.Release|Any CPU.ActiveCfg = Release|Any CPU
		{05A30B16-F427-4FC6-90D3-AB1B72699C1E}.Release|Any CPU.Build.0 = Release|Any CPU
	EndGlobalSection
	GlobalSection(SolutionProperties) = preSolution
		HideSolutionNode = FALSE
	EndGlobalSection
	GlobalSection(ExtensibilityGlobals) = postSolution
		SolutionGuid = {6FB37A68-8687-48E1-AE31-A282219C97FB}
	EndGlobalSection
EndGlobal
