
Microsoft Visual Studio Solution File, Format Version 12.00
# Visual Studio Version 17
VisualStudioVersion = 17.0.31903.59
MinimumVisualStudioVersion = 10.0.40219.1
Project("{FAE04EC0-301F-11D3-BF4B-00C04F79EFBC}") = "Biblioteka", "Biblioteka\Biblioteka.csproj", "{FACDCB9E-7EA5-4EA8-92F2-A909B9E0E9B9}"
EndProject
Project("{FAE04EC0-301F-11D3-BF4B-00C04F79EFBC}") = "Konzola", "Konzola\Konzola.csproj", "{E157DA1A-B782-4E7B-B982-CC718371AAFA}"
EndProject
Project("{FAE04EC0-301F-11D3-BF4B-00C04F79EFBC}") = "Biblioteka - Nasljeđivanje", "Biblioteka - Nasljeđivanje\Biblioteka - Nasljeđivanje.csproj", "{BA368D6D-B9F1-4AD3-B197-0343D47BD6B0}"
EndProject
Project("{FAE04EC0-301F-11D3-BF4B-00C04F79EFBC}") = "Biblioteka - Interfejs", "Biblioteka - Interfejs\Biblioteka - Interfejs.csproj", "{1B2AF1A1-268B-4FC8-B643-0BCE2BAB22D1}"
EndProject
Global
	GlobalSection(SolutionConfigurationPlatforms) = preSolution
		Debug|Any CPU = Debug|Any CPU
		Release|Any CPU = Release|Any CPU
	EndGlobalSection
	GlobalSection(ProjectConfigurationPlatforms) = postSolution
		{FACDCB9E-7EA5-4EA8-92F2-A909B9E0E9B9}.Debug|Any CPU.ActiveCfg = Debug|Any CPU
		{FACDCB9E-7EA5-4EA8-92F2-A909B9E0E9B9}.Debug|Any CPU.Build.0 = Debug|Any CPU
		{FACDCB9E-7EA5-4EA8-92F2-A909B9E0E9B9}.Release|Any CPU.ActiveCfg = Release|Any CPU
		{FACDCB9E-7EA5-4EA8-92F2-A909B9E0E9B9}.Release|Any CPU.Build.0 = Release|Any CPU
		{E157DA1A-B782-4E7B-B982-CC718371AAFA}.Debug|Any CPU.ActiveCfg = Debug|Any CPU
		{E157DA1A-B782-4E7B-B982-CC718371AAFA}.Debug|Any CPU.Build.0 = Debug|Any CPU
		{E157DA1A-B782-4E7B-B982-CC718371AAFA}.Release|Any CPU.ActiveCfg = Release|Any CPU
		{E157DA1A-B782-4E7B-B982-CC718371AAFA}.Release|Any CPU.Build.0 = Release|Any CPU
		{BA368D6D-B9F1-4AD3-B197-0343D47BD6B0}.Debug|Any CPU.ActiveCfg = Debug|Any CPU
		{BA368D6D-B9F1-4AD3-B197-0343D47BD6B0}.Debug|Any CPU.Build.0 = Debug|Any CPU
		{BA368D6D-B9F1-4AD3-B197-0343D47BD6B0}.Release|Any CPU.ActiveCfg = Release|Any CPU
		{BA368D6D-B9F1-4AD3-B197-0343D47BD6B0}.Release|Any CPU.Build.0 = Release|Any CPU
		{1B2AF1A1-268B-4FC8-B643-0BCE2BAB22D1}.Debug|Any CPU.ActiveCfg = Debug|Any CPU
		{1B2AF1A1-268B-4FC8-B643-0BCE2BAB22D1}.Debug|Any CPU.Build.0 = Debug|Any CPU
		{1B2AF1A1-268B-4FC8-B643-0BCE2BAB22D1}.Release|Any CPU.ActiveCfg = Release|Any CPU
		{1B2AF1A1-268B-4FC8-B643-0BCE2BAB22D1}.Release|Any CPU.Build.0 = Release|Any CPU
	EndGlobalSection
	GlobalSection(SolutionProperties) = preSolution
		HideSolutionNode = FALSE
	EndGlobalSection
	GlobalSection(ExtensibilityGlobals) = postSolution
		SolutionGuid = {0EEE8D40-2380-4444-B121-086D7D691CCC}
	EndGlobalSection
EndGlobal
